{
    "version": 3,
    "terraform_version": "0.11.13",
    "serial": 55,
    "lineage": "28279e11-7abe-78e7-e9d6-161ce1d372c0",
    "modules": [
        {
            "path": [
                "root"
            ],
            "outputs": {},
            "resources": {},
            "depends_on": []
        },
        {
            "path": [
                "root",
                "demo_java_lambda"
            ],
            "outputs": {},
            "resources": {
                "aws_api_gateway_deployment.java_lambda_deploy": {
                    "type": "aws_api_gateway_deployment",
                    "depends_on": [
                        "aws_api_gateway_integration.java_lambda_integration",
                        "aws_api_gateway_rest_api.java_lambda_api"
                    ],
                    "primary": {
                        "id": "mpbtr6",
                        "attributes": {
                            "created_date": "2019-07-03T10:47:17Z",
                            "description": "",
                            "execution_arn": "arn:aws:execute-api:us-east-1:916514370927:9f5h6zd2gk/terraform-lambda-java-stage",
                            "id": "mpbtr6",
                            "invoke_url": "https://9f5h6zd2gk.execute-api.us-east-1.amazonaws.com/terraform-lambda-java-stage",
                            "rest_api_id": "9f5h6zd2gk",
                            "stage_name": "terraform-lambda-java-stage"
                        },
                        "meta": {},
                        "tainted": false
                    },
                    "deposed": [],
                    "provider": "module.demo_java_lambda.provider.aws"
                },
                "aws_api_gateway_integration.java_lambda_integration": {
                    "type": "aws_api_gateway_integration",
                    "depends_on": [
                        "aws_api_gateway_method.java_lambda_method",
                        "aws_api_gateway_resource.java_lambda_api_gateway",
                        "aws_api_gateway_rest_api.java_lambda_api",
                        "aws_lambda_function.java_lambda_function"
                    ],
                    "primary": {
                        "id": "agi-9f5h6zd2gk-v1sn13-ANY",
                        "attributes": {
                            "cache_key_parameters.#": "0",
                            "cache_namespace": "v1sn13",
                            "connection_id": "",
                            "connection_type": "INTERNET",
                            "content_handling": "",
                            "credentials": "",
                            "http_method": "ANY",
                            "id": "agi-9f5h6zd2gk-v1sn13-ANY",
                            "integration_http_method": "POST",
                            "passthrough_behavior": "WHEN_NO_MATCH",
                            "request_parameters.%": "0",
                            "request_templates.%": "0",
                            "resource_id": "v1sn13",
                            "rest_api_id": "9f5h6zd2gk",
                            "timeout_milliseconds": "29000",
                            "type": "AWS_PROXY",
                            "uri": "arn:aws:apigateway:us-east-1:lambda:path/2015-03-31/functions/arn:aws:lambda:us-east-1:916514370927:function:java_lambda_function/invocations"
                        },
                        "meta": {},
                        "tainted": false
                    },
                    "deposed": [],
                    "provider": "module.demo_java_lambda.provider.aws"
                },
                "aws_api_gateway_integration.java_lambda_integration_root": {
                    "type": "aws_api_gateway_integration",
                    "depends_on": [
                        "aws_api_gateway_method.java_lambda_method_root",
                        "aws_api_gateway_rest_api.java_lambda_api",
                        "aws_lambda_function.java_lambda_function"
                    ],
                    "primary": {
                        "id": "agi-9f5h6zd2gk-jz68rfksoe-ANY",
                        "attributes": {
                            "cache_key_parameters.#": "0",
                            "cache_namespace": "jz68rfksoe",
                            "connection_id": "",
                            "connection_type": "INTERNET",
                            "content_handling": "",
                            "credentials": "",
                            "http_method": "ANY",
                            "id": "agi-9f5h6zd2gk-jz68rfksoe-ANY",
                            "integration_http_method": "POST",
                            "passthrough_behavior": "WHEN_NO_MATCH",
                            "request_parameters.%": "0",
                            "request_templates.%": "0",
                            "resource_id": "jz68rfksoe",
                            "rest_api_id": "9f5h6zd2gk",
                            "timeout_milliseconds": "29000",
                            "type": "AWS_PROXY",
                            "uri": "arn:aws:apigateway:us-east-1:lambda:path/2015-03-31/functions/arn:aws:lambda:us-east-1:916514370927:function:java_lambda_function/invocations"
                        },
                        "meta": {},
                        "tainted": false
                    },
                    "deposed": [],
                    "provider": "module.demo_java_lambda.provider.aws"
                },
                "aws_api_gateway_method.java_lambda_method": {
                    "type": "aws_api_gateway_method",
                    "depends_on": [
                        "aws_api_gateway_resource.java_lambda_api_gateway",
                        "aws_api_gateway_rest_api.java_lambda_api"
                    ],
                    "primary": {
                        "id": "agm-9f5h6zd2gk-v1sn13-ANY",
                        "attributes": {
                            "api_key_required": "false",
                            "authorization": "NONE",
                            "authorization_scopes.#": "0",
                            "authorizer_id": "",
                            "http_method": "ANY",
                            "id": "agm-9f5h6zd2gk-v1sn13-ANY",
                            "request_models.%": "0",
                            "request_parameters.%": "0",
                            "request_validator_id": "",
                            "resource_id": "v1sn13",
                            "rest_api_id": "9f5h6zd2gk"
                        },
                        "meta": {},
                        "tainted": false
                    },
                    "deposed": [],
                    "provider": "module.demo_java_lambda.provider.aws"
                },
                "aws_api_gateway_method.java_lambda_method_root": {
                    "type": "aws_api_gateway_method",
                    "depends_on": [
                        "aws_api_gateway_rest_api.java_lambda_api"
                    ],
                    "primary": {
                        "id": "agm-9f5h6zd2gk-jz68rfksoe-ANY",
                        "attributes": {
                            "api_key_required": "false",
                            "authorization": "NONE",
                            "authorization_scopes.#": "0",
                            "authorizer_id": "",
                            "http_method": "ANY",
                            "id": "agm-9f5h6zd2gk-jz68rfksoe-ANY",
                            "request_models.%": "0",
                            "request_parameters.%": "0",
                            "request_validator_id": "",
                            "resource_id": "jz68rfksoe",
                            "rest_api_id": "9f5h6zd2gk"
                        },
                        "meta": {},
                        "tainted": false
                    },
                    "deposed": [],
                    "provider": "module.demo_java_lambda.provider.aws"
                },
                "aws_api_gateway_resource.java_lambda_api_gateway": {
                    "type": "aws_api_gateway_resource",
                    "depends_on": [
                        "aws_api_gateway_rest_api.java_lambda_api"
                    ],
                    "primary": {
                        "id": "v1sn13",
                        "attributes": {
                            "id": "v1sn13",
                            "parent_id": "jz68rfksoe",
                            "path": "/{proxy+}",
                            "path_part": "{proxy+}",
                            "rest_api_id": "9f5h6zd2gk"
                        },
                        "meta": {},
                        "tainted": false
                    },
                    "deposed": [],
                    "provider": "module.demo_java_lambda.provider.aws"
                },
                "aws_api_gateway_rest_api.java_lambda_api": {
                    "type": "aws_api_gateway_rest_api",
                    "depends_on": [],
                    "primary": {
                        "id": "9f5h6zd2gk",
                        "attributes": {
                            "api_key_source": "HEADER",
                            "binary_media_types.#": "0",
                            "created_date": "2019-07-03T10:47:04Z",
                            "description": "Java Lambda on Terrraform",
                            "endpoint_configuration.#": "1",
                            "endpoint_configuration.0.types.#": "1",
                            "endpoint_configuration.0.types.0": "EDGE",
                            "execution_arn": "arn:aws:execute-api:us-east-1:916514370927:9f5h6zd2gk",
                            "id": "9f5h6zd2gk",
                            "minimum_compression_size": "-1",
                            "name": "java_lambda_api",
                            "policy": "",
                            "root_resource_id": "jz68rfksoe"
                        },
                        "meta": {},
                        "tainted": false
                    },
                    "deposed": [],
                    "provider": "module.demo_java_lambda.provider.aws"
                },
                "aws_cloudwatch_log_group.log_group": {
                    "type": "aws_cloudwatch_log_group",
                    "depends_on": [],
                    "primary": {
                        "id": "/aws/lambda/java_lambda_function",
                        "attributes": {
                            "arn": "arn:aws:logs:us-east-1:916514370927:log-group:/aws/lambda/java_lambda_function:*",
                            "id": "/aws/lambda/java_lambda_function",
                            "kms_key_id": "",
                            "name": "/aws/lambda/java_lambda_function",
                            "retention_in_days": "0",
                            "tags.%": "0"
                        },
                        "meta": {},
                        "tainted": false
                    },
                    "deposed": [],
                    "provider": "module.demo_java_lambda.provider.aws"
                },
                "aws_iam_policy.iam_policy_for_lambda": {
                    "type": "aws_iam_policy",
                    "depends_on": [],
                    "primary": {
                        "id": "arn:aws:iam::916514370927:policy/lambda-invoke-policy",
                        "attributes": {
                            "arn": "arn:aws:iam::916514370927:policy/lambda-invoke-policy",
                            "description": "",
                            "id": "arn:aws:iam::916514370927:policy/lambda-invoke-policy",
                            "name": "lambda-invoke-policy",
                            "path": "/",
                            "policy": "{\n    \"Version\": \"2012-10-17\",\n    \"Statement\": [\n      {\n        \"Sid\": \"LambdaPolicy\",\n        \"Effect\": \"Allow\",\n        \"Action\": [\n          \"cloudwatch:PutMetricData\",\n          \"ec2:DescribeNetworkInterfaces\",\n          \"ec2:CreateNetworkInterface\",\n          \"ec2:DeleteNetworkInterface\",\n          \"logs:CreateLogStream\",\n          \"logs:PutLogEvents\",\n          \"xray:PutTelemetryRecords\",\n          \"xray:PutTraceSegments\"\n        ],\n        \"Resource\": \"*\"\n      }\n    ]\n  }\n"
                        },
                        "meta": {},
                        "tainted": false
                    },
                    "deposed": [],
                    "provider": "module.demo_java_lambda.provider.aws"
                },
                "aws_iam_role.iam_role_for_lambda": {
                    "type": "aws_iam_role",
                    "depends_on": [],
                    "primary": {
                        "id": "lambda-invoke-role",
                        "attributes": {
                            "arn": "arn:aws:iam::916514370927:role/lambda-invoke-role",
                            "assume_role_policy": "{\"Version\":\"2012-10-17\",\"Statement\":[{\"Sid\":\"\",\"Effect\":\"Allow\",\"Principal\":{\"Service\":\"lambda.amazonaws.com\"},\"Action\":\"sts:AssumeRole\"}]}",
                            "create_date": "2019-07-03T10:47:04Z",
                            "description": "",
                            "force_detach_policies": "false",
                            "id": "lambda-invoke-role",
                            "max_session_duration": "3600",
                            "name": "lambda-invoke-role",
                            "path": "/",
                            "tags.%": "0",
                            "unique_id": "AROA5KZEDOVXXL6RC2VAT"
                        },
                        "meta": {},
                        "tainted": false
                    },
                    "deposed": [],
                    "provider": "module.demo_java_lambda.provider.aws"
                },
                "aws_iam_role_policy_attachment.aws_iam_role_policy_attachment": {
                    "type": "aws_iam_role_policy_attachment",
                    "depends_on": [
                        "aws_iam_policy.iam_policy_for_lambda",
                        "aws_iam_role.iam_role_for_lambda"
                    ],
                    "primary": {
                        "id": "lambda-invoke-role-20190703104707693200000001",
                        "attributes": {
                            "id": "lambda-invoke-role-20190703104707693200000001",
                            "policy_arn": "arn:aws:iam::916514370927:policy/lambda-invoke-policy",
                            "role": "lambda-invoke-role"
                        },
                        "meta": {},
                        "tainted": false
                    },
                    "deposed": [],
                    "provider": "module.demo_java_lambda.provider.aws"
                },
                "aws_lambda_function.java_lambda_function": {
                    "type": "aws_lambda_function",
                    "depends_on": [
                        "aws_cloudwatch_log_group.log_group",
                        "aws_iam_role.iam_role_for_lambda"
                    ],
                    "primary": {
                        "id": "java_lambda_function",
                        "attributes": {
                            "arn": "arn:aws:lambda:us-east-1:916514370927:function:java_lambda_function",
                            "dead_letter_config.#": "0",
                            "description": "",
                            "environment.#": "0",
                            "filename": "output/terraform-lambda-java-1.0-SNAPSHOT.jar",
                            "function_name": "java_lambda_function",
                            "handler": "handler.LambdaHandler",
                            "id": "java_lambda_function",
                            "invoke_arn": "arn:aws:apigateway:us-east-1:lambda:path/2015-03-31/functions/arn:aws:lambda:us-east-1:916514370927:function:java_lambda_function/invocations",
                            "kms_key_arn": "",
                            "last_modified": "2019-07-03T12:11:14.151+0000",
                            "layers.#": "0",
                            "memory_size": "256",
                            "publish": "false",
                            "qualified_arn": "arn:aws:lambda:us-east-1:916514370927:function:java_lambda_function:$LATEST",
                            "reserved_concurrent_executions": "-1",
                            "role": "arn:aws:iam::916514370927:role/lambda-invoke-role",
                            "runtime": "java8",
                            "source_code_hash": "WPShfFpgiwHiPY2X1jFkvL8Nj2l3ZaBh3+WmvSgWrtg=",
                            "source_code_size": "24114",
                            "tags.%": "0",
                            "timeout": "60",
                            "tracing_config.#": "1",
                            "tracing_config.0.mode": "PassThrough",
                            "version": "$LATEST",
                            "vpc_config.#": "0"
                        },
                        "meta": {
                            "e2bfb730-ecaa-11e6-8f88-34363bc7c4c0": {
                                "create": 600000000000
                            }
                        },
                        "tainted": false
                    },
                    "deposed": [],
                    "provider": "module.demo_java_lambda.provider.aws"
                },
                "aws_lambda_permission.java_lambda_function": {
                    "type": "aws_lambda_permission",
                    "depends_on": [
                        "aws_api_gateway_deployment.java_lambda_deploy",
                        "aws_lambda_function.java_lambda_function"
                    ],
                    "primary": {
                        "id": "AllowAPIGatewayInvoke",
                        "attributes": {
                            "action": "lambda:InvokeFunction",
                            "function_name": "java_lambda_function",
                            "id": "AllowAPIGatewayInvoke",
                            "principal": "apigateway.amazonaws.com",
                            "qualifier": "",
                            "source_arn": "arn:aws:execute-api:us-east-1:916514370927:9f5h6zd2gk/terraform-lambda-java-stage/*/*",
                            "statement_id": "AllowAPIGatewayInvoke"
                        },
                        "meta": {},
                        "tainted": false
                    },
                    "deposed": [],
                    "provider": "module.demo_java_lambda.provider.aws"
                },
                "data.aws_iam_policy_document.cloudwatch_log_group_access_document": {
                    "type": "aws_iam_policy_document",
                    "depends_on": [],
                    "primary": {
                        "id": "1951873016",
                        "attributes": {
                            "id": "1951873016",
                            "json": "{\n  \"Version\": \"2012-10-17\",\n  \"Statement\": [\n    {\n      \"Sid\": \"\",\n      \"Effect\": \"Allow\",\n      \"Action\": [\n        \"logs:PutLogEvents\",\n        \"logs:CreateLogStream\",\n        \"logs:CreateLogGroup\"\n      ],\n      \"Resource\": \"arn:aws:logs:::*\"\n    }\n  ]\n}",
                            "statement.#": "1",
                            "statement.0.actions.#": "3",
                            "statement.0.actions.2809485102": "logs:CreateLogGroup",
                            "statement.0.actions.3285979848": "logs:CreateLogStream",
                            "statement.0.actions.39743051": "logs:PutLogEvents",
                            "statement.0.condition.#": "0",
                            "statement.0.effect": "Allow",
                            "statement.0.not_actions.#": "0",
                            "statement.0.not_principals.#": "0",
                            "statement.0.not_resources.#": "0",
                            "statement.0.principals.#": "0",
                            "statement.0.resources.#": "1",
                            "statement.0.resources.3686811035": "arn:aws:logs:::*",
                            "statement.0.sid": "",
                            "version": "2012-10-17"
                        },
                        "meta": {},
                        "tainted": false
                    },
                    "deposed": [],
                    "provider": "module.demo_java_lambda.provider.aws"
                }
            },
            "depends_on": []
        }
    ]
}
